<?xml version="1.0" encoding="utf-8"?>
<Project ToolsVersion="4.0" xmlns="http://schemas.microsoft.com/developer/msbuild/2003">
  <ItemGroup>
    <Filter Include="Base">
      <UniqueIdentifier>{47974e81-ff42-4d0c-8227-fa99f8c69fd2}</UniqueIdentifier>
    </Filter>
    <Filter Include="Resource">
      <UniqueIdentifier>{29c1d6e3-875e-4d01-a01d-0974e170e5c1}</UniqueIdentifier>
    </Filter>
    <Filter Include="Scenes">
      <UniqueIdentifier>{d7d56ad3-60f4-40ad-b499-8133f5f75990}</UniqueIdentifier>
    </Filter>
    <Filter Include="Base\DX">
      <UniqueIdentifier>{57861352-b6ac-419f-9d1f-561d5941eabd}</UniqueIdentifier>
    </Filter>
    <Filter Include="Base\Gamepad">
      <UniqueIdentifier>{dd2f8020-b24e-404b-ba9d-a2f2061ada4a}</UniqueIdentifier>
    </Filter>
    <Filter Include="Base\Toolkit">
      <UniqueIdentifier>{df0d2a90-74be-4d38-a257-3fe37d2e7015}</UniqueIdentifier>
    </Filter>
    <Filter Include="Class">
      <UniqueIdentifier>{d1ac7a08-99df-4d9e-81bb-d47c838889e7}</UniqueIdentifier>
    </Filter>
    <Filter Include="Class\BG">
      <UniqueIdentifier>{b670de80-1bd6-4af3-9673-babcabe83319}</UniqueIdentifier>
    </Filter>
    <Filter Include="Class\Enemy">
      <UniqueIdentifier>{3a8c76be-e964-491a-b2a7-bbc153e715ae}</UniqueIdentifier>
    </Filter>
    <Filter Include="Class\Player">
      <UniqueIdentifier>{915a4d96-3fc5-402a-bb5e-bd9b6c99f9fa}</UniqueIdentifier>
    </Filter>
    <Filter Include="Class\Collision">
      <UniqueIdentifier>{32ba69c1-c102-4ac0-a542-4f1570e6053d}</UniqueIdentifier>
    </Filter>
    <Filter Include="Class\Player\Animation">
      <UniqueIdentifier>{9be5f74b-4885-4c79-854b-df663823b267}</UniqueIdentifier>
    </Filter>
    <Filter Include="Class\GameObject">
      <UniqueIdentifier>{95e8f853-7874-4e32-bc51-05f13184da44}</UniqueIdentifier>
    </Filter>
  </ItemGroup>
  <ItemGroup>
    <ClInclude Include="Base\pch.h">
      <Filter>Base</Filter>
    </ClInclude>
    <ClInclude Include="Base\GameBase.h">
      <Filter>Base</Filter>
    </ClInclude>
    <ClInclude Include="Base\DX\StepTimer.h">
      <Filter>Base\DX</Filter>
    </ClInclude>
    <ClInclude Include="Base\DX\d3dx12.h">
      <Filter>Base\DX</Filter>
    </ClInclude>
    <ClInclude Include="Scenes\DontDestroyOnLoad.h">
      <Filter>Scenes</Filter>
    </ClInclude>
    <ClInclude Include="Scenes\MainScene.h">
      <Filter>Scenes</Filter>
    </ClInclude>
    <ClInclude Include="Scenes\Scene.h">
      <Filter>Scenes</Filter>
    </ClInclude>
    <ClInclude Include="Scenes\SceneFactory.h">
      <Filter>Scenes</Filter>
    </ClInclude>
    <ClInclude Include="Base\dxtk.h">
      <Filter>Base\Toolkit</Filter>
    </ClInclude>
    <ClInclude Include="Base\wiGamepad\CommonInclude.h">
      <Filter>Base\Gamepad</Filter>
    </ClInclude>
    <ClInclude Include="Base\wiGamepad\wiColor.h">
      <Filter>Base\Gamepad</Filter>
    </ClInclude>
    <ClInclude Include="Base\wiGamepad\wiGamepad.h">
      <Filter>Base\Gamepad</Filter>
    </ClInclude>
    <ClInclude Include="Base\wiGamepad\wiInput.h">
      <Filter>Base\Gamepad</Filter>
    </ClInclude>
    <ClInclude Include="Base\wiGamepad\wiMath.h">
      <Filter>Base\Gamepad</Filter>
    </ClInclude>
    <ClInclude Include="Base\wiGamepad\wiPlatform.h">
      <Filter>Base\Gamepad</Filter>
    </ClInclude>
    <ClInclude Include="Base\wiGamepad\wiRawGamepad.h">
      <Filter>Base\Gamepad</Filter>
    </ClInclude>
    <ClInclude Include="Base\wiGamepad\wiVector.h">
      <Filter>Base\Gamepad</Filter>
    </ClInclude>
    <ClInclude Include="Base\wiGamepad\wiXInput.h">
      <Filter>Base\Gamepad</Filter>
    </ClInclude>
    <ClInclude Include="Base\Toolkits\DXTKCamera.h">
      <Filter>Base\Toolkit</Filter>
    </ClInclude>
    <ClInclude Include="Base\Toolkits\DXTKHelpers.h">
      <Filter>Base\Toolkit</Filter>
    </ClInclude>
    <ClInclude Include="Base\Toolkits\DXTKMathematics.h">
      <Filter>Base\Toolkit</Filter>
    </ClInclude>
    <ClInclude Include="Base\Toolkits\InputSystem.h">
      <Filter>Base\Toolkit</Filter>
    </ClInclude>
    <ClInclude Include="Class\ObjectID.h">
      <Filter>Class</Filter>
    </ClInclude>
    <ClInclude Include="Class\BG\BG.h">
      <Filter>Class\BG</Filter>
    </ClInclude>
    <ClInclude Include="Class\Enemy\Enemy.h">
      <Filter>Class\Enemy</Filter>
    </ClInclude>
    <ClInclude Include="Class\Collision\CollisionDetection.h">
      <Filter>Class\Collision</Filter>
    </ClInclude>
    <ClInclude Include="Class\GameObject\GameObject.h">
      <Filter>Class\GameObject</Filter>
    </ClInclude>
    <ClInclude Include="Class\Player\Player.h">
      <Filter>Class\Player</Filter>
    </ClInclude>
    <ClInclude Include="Class\Player\Animation\PlayerAnimation.h">
      <Filter>Class\Player\Animation</Filter>
    </ClInclude>
  </ItemGroup>
  <ItemGroup>
    <ClCompile Include="Base\Main.cpp">
      <Filter>Base</Filter>
    </ClCompile>
    <ClCompile Include="Base\pch.cpp">
      <Filter>Base</Filter>
    </ClCompile>
    <ClCompile Include="Base\GameBase.cpp">
      <Filter>Base</Filter>
    </ClCompile>
    <ClCompile Include="Scenes\MainScene.cpp">
      <Filter>Scenes</Filter>
    </ClCompile>
    <ClCompile Include="Base\wiGamepad\wiGamepad.cpp">
      <Filter>Base\Gamepad</Filter>
    </ClCompile>
    <ClCompile Include="Base\wiGamepad\wiMath.cpp">
      <Filter>Base\Gamepad</Filter>
    </ClCompile>
    <ClCompile Include="Base\wiGamepad\wiRawGamepad.cpp">
      <Filter>Base\Gamepad</Filter>
    </ClCompile>
    <ClCompile Include="Base\wiGamepad\wiXInput.cpp">
      <Filter>Base\Gamepad</Filter>
    </ClCompile>
    <ClCompile Include="Base\Toolkits\DXTKCamera.cpp">
      <Filter>Base\Toolkit</Filter>
    </ClCompile>
    <ClCompile Include="Class\BG\BG.cpp">
      <Filter>Class\BG</Filter>
    </ClCompile>
    <ClCompile Include="Class\Enemy\Enemy.cpp">
      <Filter>Class\Enemy</Filter>
    </ClCompile>
    <ClCompile Include="Class\Collision\CollisionDetection.cpp">
      <Filter>Class\Collision</Filter>
    </ClCompile>
    <ClCompile Include="Class\GameObject\GameObject.cpp">
      <Filter>Class\GameObject</Filter>
    </ClCompile>
    <ClCompile Include="Class\Player\Player.cpp">
      <Filter>Class\Player</Filter>
    </ClCompile>
    <ClCompile Include="Class\Player\Animation\PlayerAnimation.cpp">
      <Filter>Class\Player\Animation</Filter>
    </ClCompile>
  </ItemGroup>
  <ItemGroup>
    <Image Include="Resource\directx.ico">
      <Filter>Resource</Filter>
    </Image>
  </ItemGroup>
  <ItemGroup>
    <ResourceCompile Include="Resource\resource.rc">
      <Filter>Resource</Filter>
    </ResourceCompile>
  </ItemGroup>
  <ItemGroup>
    <Manifest Include="Resource\settings.manifest">
      <Filter>Resource</Filter>
    </Manifest>
  </ItemGroup>
  <ItemGroup>
    <None Include="packages.config" />
  </ItemGroup>
</Project>